
Microsoft Visual Studio Solution File, Format Version 12.00
# Visual Studio 15
VisualStudioVersion = 15.0.28307.757
MinimumVisualStudioVersion = 10.0.40219.1
Project("{F2A71F9B-5D33-465A-A702-920D77279786}") = "Mz5Reader", "Mz5Reader\Mz5Reader.fsproj", "{DC312A7D-FE9B-413B-99AF-86FCE26D3600}"
EndProject
Global
	GlobalSection(SolutionConfigurationPlatforms) = preSolution
		Debug|Any CPU = Debug|Any CPU
		Release|Any CPU = Release|Any CPU
	EndGlobalSection
	GlobalSection(ProjectConfigurationPlatforms) = postSolution
		{DC312A7D-FE9B-413B-99AF-86FCE26D3600}.Debug|Any CPU.ActiveCfg = Debug|Any CPU
		{DC312A7D-FE9B-413B-99AF-86FCE26D3600}.Debug|Any CPU.Build.0 = Debug|Any CPU
		{DC312A7D-FE9B-413B-99AF-86FCE26D3600}.Release|Any CPU.ActiveCfg = Release|Any CPU
		{DC312A7D-FE9B-413B-99AF-86FCE26D3600}.Release|Any CPU.Build.0 = Release|Any CPU
	EndGlobalSection
	GlobalSection(SolutionProperties) = preSolution
		HideSolutionNode = FALSE
	EndGlobalSection
	GlobalSection(ExtensibilityGlobals) = postSolution
		SolutionGuid = {8D811919-79D0-4D85-8C78-57E65A7FF7ED}
	EndGlobalSection
EndGlobal
